
Microsoft Visual Studio Solution File, Format Version 12.00
# Visual Studio Version 17
VisualStudioVersion = 17.3.32825.248
MinimumVisualStudioVersion = 10.0.40219.1
Project("{FAE04EC0-301F-11D3-BF4B-00C04F79EFBC}") = "pz_1", "pz_1\pz_1.csproj", "{AB0A0A91-0389-4470-A4A6-D7BBBBB46AD5}"
EndProject
Global
	GlobalSection(SolutionConfigurationPlatforms) = preSolution
		Debug|Any CPU = Debug|Any CPU
		Release|Any CPU = Release|Any CPU
	EndGlobalSection
	GlobalSection(ProjectConfigurationPlatforms) = postSolution
		{AB0A0A91-0389-4470-A4A6-D7BBBBB46AD5}.Debug|Any CPU.ActiveCfg = Debug|Any CPU
		{AB0A0A91-0389-4470-A4A6-D7BBBBB46AD5}.Debug|Any CPU.Build.0 = Debug|Any CPU
		{AB0A0A91-0389-4470-A4A6-D7BBBBB46AD5}.Release|Any CPU.ActiveCfg = Release|Any CPU
		{AB0A0A91-0389-4470-A4A6-D7BBBBB46AD5}.Release|Any CPU.Build.0 = Release|Any CPU
	EndGlobalSection
	GlobalSection(SolutionProperties) = preSolution
		HideSolutionNode = FALSE
	EndGlobalSection
	GlobalSection(ExtensibilityGlobals) = postSolution
		SolutionGuid = {C5312BEA-D405-48F0-ABB2-EB7E84073250}
	EndGlobalSection
EndGlobal
